
Microsoft Visual Studio Solution File, Format Version 12.00
# Visual Studio Version 17
VisualStudioVersion = 17.0.31903.59
MinimumVisualStudioVersion = 10.0.40219.1
Project("{9A19103F-16F7-4668-BE54-9A1E7A4F7556}") = "Variate", "Variate.csproj", "{0EAB7B2F-2EFB-45DC-A247-AA8BA3F1A6AD}"
EndProject
Global
	GlobalSection(SolutionConfigurationPlatforms) = preSolution
		Debug|Any CPU = Debug|Any CPU
		Release|Any CPU = Release|Any CPU
	EndGlobalSection
	GlobalSection(ProjectConfigurationPlatforms) = postSolution
		{0EAB7B2F-2EFB-45DC-A247-AA8BA3F1A6AD}.Debug|Any CPU.ActiveCfg = Debug|Any CPU
		{0EAB7B2F-2EFB-45DC-A247-AA8BA3F1A6AD}.Debug|Any CPU.Build.0 = Debug|Any CPU
		{0EAB7B2F-2EFB-45DC-A247-AA8BA3F1A6AD}.Release|Any CPU.ActiveCfg = Release|Any CPU
		{0EAB7B2F-2EFB-45DC-A247-AA8BA3F1A6AD}.Release|Any CPU.Build.0 = Release|Any CPU
	EndGlobalSection
	GlobalSection(SolutionProperties) = preSolution
		HideSolutionNode = FALSE
	EndGlobalSection
	GlobalSection(ExtensibilityGlobals) = postSolution
		SolutionGuid = {964E2209-5BE9-4261-8123-FAE5D28765E8}
	EndGlobalSection
EndGlobal
